
Microsoft Visual Studio Solution File, Format Version 12.00
# Visual Studio Version 17
VisualStudioVersion = 17.4.33213.308
MinimumVisualStudioVersion = 10.0.40219.1
Project("{FAE04EC0-301F-11D3-BF4B-00C04F79EFBC}") = "TaskTorch", "TaskTorch\TaskTorch.csproj", "{A309DA94-BB87-4BE1-A72D-AA6AC17EA75D}"
EndProject
Global
	GlobalSection(SolutionConfigurationPlatforms) = preSolution
		Debug|Any CPU = Debug|Any CPU
		Release|Any CPU = Release|Any CPU
	EndGlobalSection
	GlobalSection(ProjectConfigurationPlatforms) = postSolution
		{A309DA94-BB87-4BE1-A72D-AA6AC17EA75D}.Debug|Any CPU.ActiveCfg = Debug|Any CPU
		{A309DA94-BB87-4BE1-A72D-AA6AC17EA75D}.Debug|Any CPU.Build.0 = Debug|Any CPU
		{A309DA94-BB87-4BE1-A72D-AA6AC17EA75D}.Release|Any CPU.ActiveCfg = Release|Any CPU
		{A309DA94-BB87-4BE1-A72D-AA6AC17EA75D}.Release|Any CPU.Build.0 = Release|Any CPU
	EndGlobalSection
	GlobalSection(SolutionProperties) = preSolution
		HideSolutionNode = FALSE
	EndGlobalSection
	GlobalSection(ExtensibilityGlobals) = postSolution
		SolutionGuid = {4C8152BA-6CC7-4DA0-93B6-5895C387EC71}
	EndGlobalSection
EndGlobal
